
Microsoft Visual Studio Solution File, Format Version 12.00
# Visual Studio 15
VisualStudioVersion = 15.0.27428.2011
MinimumVisualStudioVersion = 10.0.40219.1
Project("{FAE04EC0-301F-11D3-BF4B-00C04F79EFBC}") = "WebApplication1", "WebApplication1\WebApplication1.csproj", "{F9376DAB-ACE7-426B-9561-9BF5A8C28C53}"
EndProject
Project("{FAE04EC0-301F-11D3-BF4B-00C04F79EFBC}") = "Cryption", "Cryption\Cryption.csproj", "{F1B86A8D-E6F7-4C0C-91E8-155B595F61F4}"
EndProject
Global
	GlobalSection(SolutionConfigurationPlatforms) = preSolution
		Debug|Any CPU = Debug|Any CPU
		Debug|ARM = Debug|ARM
		Debug|x64 = Debug|x64
		Debug|x86 = Debug|x86
		Release|Any CPU = Release|Any CPU
		Release|ARM = Release|ARM
		Release|x64 = Release|x64
		Release|x86 = Release|x86
	EndGlobalSection
	GlobalSection(ProjectConfigurationPlatforms) = postSolution
		{F9376DAB-ACE7-426B-9561-9BF5A8C28C53}.Debug|Any CPU.ActiveCfg = Debug|Any CPU
		{F9376DAB-ACE7-426B-9561-9BF5A8C28C53}.Debug|Any CPU.Build.0 = Debug|Any CPU
		{F9376DAB-ACE7-426B-9561-9BF5A8C28C53}.Debug|ARM.ActiveCfg = Debug|Any CPU
		{F9376DAB-ACE7-426B-9561-9BF5A8C28C53}.Debug|ARM.Build.0 = Debug|Any CPU
		{F9376DAB-ACE7-426B-9561-9BF5A8C28C53}.Debug|x64.ActiveCfg = Debug|Any CPU
		{F9376DAB-ACE7-426B-9561-9BF5A8C28C53}.Debug|x64.Build.0 = Debug|Any CPU
		{F9376DAB-ACE7-426B-9561-9BF5A8C28C53}.Debug|x86.ActiveCfg = Debug|Any CPU
		{F9376DAB-ACE7-426B-9561-9BF5A8C28C53}.Debug|x86.Build.0 = Debug|Any CPU
		{F9376DAB-ACE7-426B-9561-9BF5A8C28C53}.Release|Any CPU.ActiveCfg = Release|Any CPU
		{F9376DAB-ACE7-426B-9561-9BF5A8C28C53}.Release|Any CPU.Build.0 = Release|Any CPU
		{F9376DAB-ACE7-426B-9561-9BF5A8C28C53}.Release|ARM.ActiveCfg = Release|Any CPU
		{F9376DAB-ACE7-426B-9561-9BF5A8C28C53}.Release|ARM.Build.0 = Release|Any CPU
		{F9376DAB-ACE7-426B-9561-9BF5A8C28C53}.Release|x64.ActiveCfg = Release|Any CPU
		{F9376DAB-ACE7-426B-9561-9BF5A8C28C53}.Release|x64.Build.0 = Release|Any CPU
		{F9376DAB-ACE7-426B-9561-9BF5A8C28C53}.Release|x86.ActiveCfg = Release|Any CPU
		{F9376DAB-ACE7-426B-9561-9BF5A8C28C53}.Release|x86.Build.0 = Release|Any CPU
		{F1B86A8D-E6F7-4C0C-91E8-155B595F61F4}.Debug|Any CPU.ActiveCfg = Debug|Any CPU
		{F1B86A8D-E6F7-4C0C-91E8-155B595F61F4}.Debug|Any CPU.Build.0 = Debug|Any CPU
		{F1B86A8D-E6F7-4C0C-91E8-155B595F61F4}.Debug|ARM.ActiveCfg = Debug|ARM
		{F1B86A8D-E6F7-4C0C-91E8-155B595F61F4}.Debug|ARM.Build.0 = Debug|ARM
		{F1B86A8D-E6F7-4C0C-91E8-155B595F61F4}.Debug|x64.ActiveCfg = Debug|x64
		{F1B86A8D-E6F7-4C0C-91E8-155B595F61F4}.Debug|x64.Build.0 = Debug|x64
		{F1B86A8D-E6F7-4C0C-91E8-155B595F61F4}.Debug|x86.ActiveCfg = Debug|x86
		{F1B86A8D-E6F7-4C0C-91E8-155B595F61F4}.Debug|x86.Build.0 = Debug|x86
		{F1B86A8D-E6F7-4C0C-91E8-155B595F61F4}.Release|Any CPU.ActiveCfg = Release|Any CPU
		{F1B86A8D-E6F7-4C0C-91E8-155B595F61F4}.Release|Any CPU.Build.0 = Release|Any CPU
		{F1B86A8D-E6F7-4C0C-91E8-155B595F61F4}.Release|ARM.ActiveCfg = Release|ARM
		{F1B86A8D-E6F7-4C0C-91E8-155B595F61F4}.Release|ARM.Build.0 = Release|ARM
		{F1B86A8D-E6F7-4C0C-91E8-155B595F61F4}.Release|x64.ActiveCfg = Release|x64
		{F1B86A8D-E6F7-4C0C-91E8-155B595F61F4}.Release|x64.Build.0 = Release|x64
		{F1B86A8D-E6F7-4C0C-91E8-155B595F61F4}.Release|x86.ActiveCfg = Release|x86
		{F1B86A8D-E6F7-4C0C-91E8-155B595F61F4}.Release|x86.Build.0 = Release|x86
	EndGlobalSection
	GlobalSection(SolutionProperties) = preSolution
		HideSolutionNode = FALSE
	EndGlobalSection
	GlobalSection(ExtensibilityGlobals) = postSolution
		SolutionGuid = {33FB9959-EABF-4C13-8291-4237942BA40A}
	EndGlobalSection
EndGlobal
